// !$*UTF8*$!
{
	archiveVersion = 1;
	classes = {
	};
	objectVersion = 77;
	objects = {

/* Begin PBXBuildFile section */
		4DD7809C303D43CA00C5B74D /* OpenFlowVoiceHelper.xpc in Embed XPC Services */ = {isa = PBXBuildFile; fileRef = 4DD78091303D43CA00C5B74D /* OpenFlowVoiceHelper.xpc */; settings = {ATTRIBUTES = (RemoveHeadersOnCopy, ); }; };
		4DD7810E3043E14600C5B74D /* Sparkle in Frameworks */ = {isa = PBXBuildFile; productRef = 4DD7810D3043E14600C5B74D /* Sparkle */; };
		9E47531B25A0A2A04CEF93DE /* FluidAudio in Frameworks */ = {isa = PBXBuildFile; productRef = 6BFD874B507A0F1365B739E8 /* FluidAudio */; };
/* End PBXBuildFile section */

/* Begin PBXContainerItemProxy section */
		4DD7809A303D43CA00C5B74D /* PBXContainerItemProxy */ = {
			isa = PBXContainerItemProxy;
			containerPortal = 99ACADB4C81E1F4076FE533E /* Project object */;
			proxyType = 1;
			remoteGlobalIDString = 4DD78090303D43CA00C5B74D;
			remoteInfo = OpenFlowVoiceHelper;
		};
/* End PBXContainerItemProxy section */

/* Begin PBXCopyFilesBuildPhase section */
		4DD780A1303D43CA00C5B74D /* Embed XPC Services */ = {
			isa = PBXCopyFilesBuildPhase;
			buildActionMask = 2147483647;
			dstPath = "$(CONTENTS_FOLDER_PATH)/XPCServices";
			dstSubfolderSpec = 16;
			files = (
				4DD7809C303D43CA00C5B74D /* OpenFlowVoiceHelper.xpc in Embed XPC Services */,
			);
			name = "Embed XPC Services";
			runOnlyForDeploymentPostprocessing = 0;
		};
/* End PBXCopyFilesBuildPhase section */

/* Begin PBXFileReference section */
		4DD78091303D43CA00C5B74D /* OpenFlowVoiceHelper.xpc */ = {isa = PBXFileReference; explicitFileType = "wrapper.xpc-service"; includeInIndex = 0; path = OpenFlowVoiceHelper.xpc; sourceTree = BUILT_PRODUCTS_DIR; };
		F9F4C5A61B2A2C1CA640A41C /* OpenFlowVoice.app */ = {isa = PBXFileReference; explicitFileType = wrapper.application; includeInIndex = 0; path = OpenFlowVoice.app; sourceTree = BUILT_PRODUCTS_DIR; };
/* End PBXFileReference section */

/* Begin PBXFileSystemSynchronizedBuildFileExceptionSet section */
		4DD7809D303D43CA00C5B74D /* Exceptions for "OpenFlowVoiceHelper" folder in "OpenFlowVoiceHelper" target */ = {
			isa = PBXFileSystemSynchronizedBuildFileExceptionSet;
			membershipExceptions = (
				Info.plist,
			);
			target = 4DD78090303D43CA00C5B74D /* OpenFlowVoiceHelper */;
		};
/* End PBXFileSystemSynchronizedBuildFileExceptionSet section */

/* Begin PBXFileSystemSynchronizedRootGroup section */
		4DD78054303C0D5200C5B74D /* OpenFlowVoice */ = {
			isa = PBXFileSystemSynchronizedRootGroup;
			path = OpenFlowVoice;
			sourceTree = "<group>";
		};
		4DD78092303D43CA00C5B74D /* OpenFlowVoiceHelper */ = {
			isa = PBXFileSystemSynchronizedRootGroup;
			exceptions = (
				4DD7809D303D43CA00C5B74D /* Exceptions for "OpenFlowVoiceHelper" folder in "OpenFlowVoiceHelper" target */,
			);
			path = OpenFlowVoiceHelper;
			sourceTree = "<group>";
		};
/* End PBXFileSystemSynchronizedRootGroup section */

/* Begin PBXFrameworksBuildPhase section */
		4DD7808E303D43CA00C5B74D /* Frameworks */ = {
			isa = PBXFrameworksBuildPhase;
			buildActionMask = 2147483647;
			files = (
			);
			runOnlyForDeploymentPostprocessing = 0;
		};
		999AE74F0BF122C9529566BC /* Frameworks */ = {
			isa = PBXFrameworksBuildPhase;
			buildActionMask = 2147483647;
			files = (
				9E47531B25A0A2A04CEF93DE /* FluidAudio in Frameworks */,
				4DD7810E3043E14600C5B74D /* Sparkle in Frameworks */,
			);
			runOnlyForDeploymentPostprocessing = 0;
		};
/* End PBXFrameworksBuildPhase section */

/* Begin PBXGroup section */
		372F6CE22F9A048D907306F3 = {
			isa = PBXGroup;
			children = (
				4DD78054303C0D5200C5B74D /* OpenFlowVoice */,
				4DD78092303D43CA00C5B74D /* OpenFlowVoiceHelper */,
				7D38528719A075FCB4FF7038 /* Products */,
			);
			sourceTree = "<group>";
		};
		7D38528719A075FCB4FF7038 /* Products */ = {
			isa = PBXGroup;
			children = (
				F9F4C5A61B2A2C1CA640A41C /* OpenFlowVoice.app */,
				4DD78091303D43CA00C5B74D /* OpenFlowVoiceHelper.xpc */,
			);
			name = Products;
			sourceTree = "<group>";
		};
/* End PBXGroup section */

/* Begin PBXNativeTarget section */
		4DD78090303D43CA00C5B74D /* OpenFlowVoiceHelper */ = {
			isa = PBXNativeTarget;
			buildConfigurationList = 4DD7809E303D43CA00C5B74D /* Build configuration list for PBXNativeTarget "OpenFlowVoiceHelper" */;
			buildPhases = (
				4DD7808D303D43CA00C5B74D /* Sources */,
				4DD7808E303D43CA00C5B74D /* Frameworks */,
				4DD7808F303D43CA00C5B74D /* Resources */,
			);
			buildRules = (
			);
			dependencies = (
			);
			fileSystemSynchronizedGroups = (
				4DD78092303D43CA00C5B74D /* OpenFlowVoiceHelper */,
			);
			name = OpenFlowVoiceHelper;
			packageProductDependencies = (
			);
			productName = OpenFlowVoiceHelper;
			productReference = 4DD78091303D43CA00C5B74D /* OpenFlowVoiceHelper.xpc */;
			productType = "com.apple.product-type.xpc-service";
		};
		EEC7A9B550379F4502F4EAE1 /* OpenFlowVoice */ = {
			isa = PBXNativeTarget;
			buildConfigurationList = A822E618F020961BF87B0DE9 /* Build configuration list for PBXNativeTarget "OpenFlowVoice" */;
			buildPhases = (
				FFD1BE64F6AB555EEE5FB9A9 /* Sources */,
				B0C95F49CED9DE09C4D88BA2 /* Resources */,
				999AE74F0BF122C9529566BC /* Frameworks */,
				4DD780A1303D43CA00C5B74D /* Embed XPC Services */,
			);
			buildRules = (
			);
			dependencies = (
				4DD7809B303D43CA00C5B74D /* PBXTargetDependency */,
			);
			fileSystemSynchronizedGroups = (
				4DD78054303C0D5200C5B74D /* OpenFlowVoice */,
			);
			name = OpenFlowVoice;
			packageProductDependencies = (
				6BFD874B507A0F1365B739E8 /* FluidAudio */,
				4DD7810D3043E14600C5B74D /* Sparkle */,
			);
			productName = OpenFlowVoice;
			productReference = F9F4C5A61B2A2C1CA640A41C /* OpenFlowVoice.app */;
			productType = "com.apple.product-type.application";
		};
/* End PBXNativeTarget section */

/* Begin PBXProject section */
		99ACADB4C81E1F4076FE533E /* Project object */ = {
			isa = PBXProject;
			attributes = {
				BuildIndependentTargetsInParallel = YES;
				LastSwiftUpdateCheck = 2660;
				LastUpgradeCheck = 1430;
				TargetAttributes = {
					4DD78090303D43CA00C5B74D = {
						CreatedOnToolsVersion = 26.6;
					};
					EEC7A9B550379F4502F4EAE1 = {
						ProvisioningStyle = Automatic;
					};
				};
			};
			buildConfigurationList = F50C629A55086FBBB3A017B7 /* Build configuration list for PBXProject "OpenFlowVoice" */;
			developmentRegion = en;
			hasScannedForEncodings = 0;
			knownRegions = (
				Base,
				en,
			);
			mainGroup = 372F6CE22F9A048D907306F3;
			minimizedProjectReferenceProxies = 1;
			packageReferences = (
				9F53DA1168DC284F98FF4BE3 /* XCRemoteSwiftPackageReference "FluidAudio" */,
				4DD7810C3043E14600C5B74D /* XCRemoteSwiftPackageReference "Sparkle" */,
			);
			preferredProjectObjectVersion = 77;
			productRefGroup = 7D38528719A075FCB4FF7038 /* Products */;
			projectDirPath = "";
			projectRoot = "";
			targets = (
				EEC7A9B550379F4502F4EAE1 /* OpenFlowVoice */,
				4DD78090303D43CA00C5B74D /* OpenFlowVoiceHelper */,
			);
		};
/* End PBXProject section */

/* Begin PBXResourcesBuildPhase section */
		4DD7808F303D43CA00C5B74D /* Resources */ = {
			isa = PBXResourcesBuildPhase;
			buildActionMask = 2147483647;
			files = (
			);
			runOnlyForDeploymentPostprocessing = 0;
		};
		B0C95F49CED9DE09C4D88BA2 /* Resources */ = {
			isa = PBXResourcesBuildPhase;
			buildActionMask = 2147483647;
			files = (
			);
			runOnlyForDeploymentPostprocessing = 0;
		};
/* End PBXResourcesBuildPhase section */

/* Begin PBXSourcesBuildPhase section */
		4DD7808D303D43CA00C5B74D /* Sources */ = {
			isa = PBXSourcesBuildPhase;
			buildActionMask = 2147483647;
			files = (
			);
			runOnlyForDeploymentPostprocessing = 0;
		};
		FFD1BE64F6AB555EEE5FB9A9 /* Sources */ = {
			isa = PBXSourcesBuildPhase;
			buildActionMask = 2147483647;
			files = (
			);
			runOnlyForDeploymentPostprocessing = 0;
		};
/* End PBXSourcesBuildPhase section */

/* Begin PBXTargetDependency section */
		4DD7809B303D43CA00C5B74D /* PBXTargetDependency */ = {
			isa = PBXTargetDependency;
			target = 4DD78090303D43CA00C5B74D /* OpenFlowVoiceHelper */;
			targetProxy = 4DD7809A303D43CA00C5B74D /* PBXContainerItemProxy */;
		};
/* End PBXTargetDependency section */

/* Begin XCBuildConfiguration section */
		0FFC3FE5EADB61D550390C92 /* Release */ = {
			isa = XCBuildConfiguration;
			buildSettings = {
				ASSETCATALOG_COMPILER_APPICON_NAME = AppIcon;
				CODE_SIGN_ENTITLEMENTS = OpenFlowVoice/OpenFlowVoice.entitlements;
				"CODE_SIGN_IDENTITY[sdk=macosx*]" = "Apple Development";
				CODE_SIGN_STYLE = Automatic;
				COMBINE_HIDPI_IMAGES = YES;
				CURRENT_PROJECT_VERSION = 202609011311;
				DEVELOPMENT_TEAM = S67T94HBGJ;
				ENABLE_HARDENED_RUNTIME = YES;
				GENERATE_INFOPLIST_FILE = NO;
				INFOPLIST_FILE = OpenFlowVoice/Info.plist;
				LD_RUNPATH_SEARCH_PATHS = (
					"$(inherited)",
					"@executable_path/../Frameworks",
				);
				MACOSX_DEPLOYMENT_TARGET = 26.0;
				MARKETING_VERSION = 1.1;
				PRODUCT_BUNDLE_IDENTIFIER = "com.Hitjack007.OpenFlow-Voice";
				PRODUCT_NAME = OpenFlowVoice;
				SDKROOT = macosx;
				SWIFT_VERSION = 6.0;
			};
			name = Release;
		};
		36DACDF7207D6F78E8967708 /* Debug */ = {
			isa = XCBuildConfiguration;
			buildSettings = {
				ASSETCATALOG_COMPILER_APPICON_NAME = AppIcon;
				CODE_SIGN_ENTITLEMENTS = OpenFlowVoice/OpenFlowVoice.entitlements;
				"CODE_SIGN_IDENTITY[sdk=macosx*]" = "Apple Development";
				CODE_SIGN_STYLE = Automatic;
				COMBINE_HIDPI_IMAGES = YES;
				CURRENT_PROJECT_VERSION = 202609011311;
				DEVELOPMENT_TEAM = S67T94HBGJ;
				ENABLE_HARDENED_RUNTIME = YES;
				GENERATE_INFOPLIST_FILE = NO;
				INFOPLIST_FILE = OpenFlowVoice/Info.plist;
				LD_RUNPATH_SEARCH_PATHS = (
					"$(inherited)",
					"@executable_path/../Frameworks",
				);
				MACOSX_DEPLOYMENT_TARGET = 26.0;
				MARKETING_VERSION = 1.1;
				PRODUCT_BUNDLE_IDENTIFIER = "com.Hitjack007.OpenFlow-Voice";
				PRODUCT_NAME = OpenFlowVoice;
				SDKROOT = macosx;
				SWIFT_VERSION = 6.0;
			};
			name = Debug;
		};
		4DD7809F303D43CA00C5B74D /* Debug */ = {
			isa = XCBuildConfiguration;
			buildSettings = {
				ASSETCATALOG_COMPILER_GENERATE_SWIFT_ASSET_SYMBOL_EXTENSIONS = YES;
				CLANG_CXX_LANGUAGE_STANDARD = "gnu++20";
				CODE_SIGN_STYLE = Automatic;
				COMBINE_HIDPI_IMAGES = YES;
				CURRENT_PROJECT_VERSION = 202609011311;
				ENABLE_APP_SANDBOX = NO;
				ENABLE_HARDENED_RUNTIME = YES;
				ENABLE_USER_SCRIPT_SANDBOXING = NO;
				GCC_C_LANGUAGE_STANDARD = gnu17;
				GCC_PREPROCESSOR_DEFINITIONS = (
					"DEBUG=1",
					"$(inherited)",
				);
				GENERATE_INFOPLIST_FILE = YES;
				INFOPLIST_FILE = OpenFlowVoiceHelper/Info.plist;
				INFOPLIST_KEY_CFBundleDisplayName = OpenFlowVoiceHelper;
				INFOPLIST_KEY_NSHumanReadableCopyright = "";
				LOCALIZATION_PREFERS_STRING_CATALOGS = YES;
				MACOSX_DEPLOYMENT_TARGET = 26.5;
				MARKETING_VERSION = 1.1;
				PRODUCT_BUNDLE_IDENTIFIER = "com.Hitjack007.OpenFlow-Voice.Helper.OpenFlowVoiceHelper";
				PRODUCT_NAME = "$(TARGET_NAME)";
				REGISTER_APP_GROUPS = YES;
				SKIP_INSTALL = YES;
				STRING_CATALOG_GENERATE_SYMBOLS = YES;
				SWIFT_ACTIVE_COMPILATION_CONDITIONS = "DEBUG $(inherited)";
				SWIFT_APPROACHABLE_CONCURRENCY = YES;
				SWIFT_EMIT_LOC_STRINGS = YES;
				SWIFT_UPCOMING_FEATURE_MEMBER_IMPORT_VISIBILITY = YES;
				SWIFT_VERSION = 5.0;
			};
			name = Debug;
		};
		4DD780A0303D43CA00C5B74D /* Release */ = {
			isa = XCBuildConfiguration;
			buildSettings = {
				ASSETCATALOG_COMPILER_GENERATE_SWIFT_ASSET_SYMBOL_EXTENSIONS = YES;
				CLANG_CXX_LANGUAGE_STANDARD = "gnu++20";
				CODE_SIGN_STYLE = Automatic;
				COMBINE_HIDPI_IMAGES = YES;
				CURRENT_PROJECT_VERSION = 202609011311;
				ENABLE_APP_SANDBOX = NO;
				ENABLE_HARDENED_RUNTIME = YES;
				ENABLE_USER_SCRIPT_SANDBOXING = NO;
				GCC_C_LANGUAGE_STANDARD = gnu17;
				GENERATE_INFOPLIST_FILE = YES;
				INFOPLIST_FILE = OpenFlowVoiceHelper/Info.plist;
				INFOPLIST_KEY_CFBundleDisplayName = OpenFlowVoiceHelper;
				INFOPLIST_KEY_NSHumanReadableCopyright = "";
				LOCALIZATION_PREFERS_STRING_CATALOGS = YES;
				MACOSX_DEPLOYMENT_TARGET = 26.5;
				MARKETING_VERSION = 1.1;
				PRODUCT_BUNDLE_IDENTIFIER = "com.Hitjack007.OpenFlow-Voice.Helper.OpenFlowVoiceHelper";
				PRODUCT_NAME = "$(TARGET_NAME)";
				REGISTER_APP_GROUPS = YES;
				SKIP_INSTALL = YES;
				STRING_CATALOG_GENERATE_SYMBOLS = YES;
				SWIFT_APPROACHABLE_CONCURRENCY = YES;
				SWIFT_EMIT_LOC_STRINGS = YES;
				SWIFT_UPCOMING_FEATURE_MEMBER_IMPORT_VISIBILITY = YES;
				SWIFT_VERSION = 5.0;
			};
			name = Release;
		};
		7343F776BC453D9E3B4F73AD /* Release */ = {
			isa = XCBuildConfiguration;
			buildSettings = {
				ALWAYS_SEARCH_USER_PATHS = NO;
				CLANG_ANALYZER_NONNULL = YES;
				CLANG_ANALYZER_NUMBER_OBJECT_CONVERSION = YES_AGGRESSIVE;
				CLANG_CXX_LANGUAGE_STANDARD = "gnu++14";
				CLANG_CXX_LIBRARY = "libc++";
				CLANG_ENABLE_MODULES = YES;
				CLANG_ENABLE_OBJC_ARC = YES;
				CLANG_ENABLE_OBJC_WEAK = YES;
				CLANG_WARN_BLOCK_CAPTURE_AUTORELEASING = YES;
				CLANG_WARN_BOOL_CONVERSION = YES;
				CLANG_WARN_COMMA = YES;
				CLANG_WARN_CONSTANT_CONVERSION = YES;
				CLANG_WARN_DEPRECATED_OBJC_IMPLEMENTATIONS = YES;
				CLANG_WARN_DIRECT_OBJC_ISA_USAGE = YES_ERROR;
				CLANG_WARN_DOCUMENTATION_COMMENTS = YES;
				CLANG_WARN_EMPTY_BODY = YES;
				CLANG_WARN_ENUM_CONVERSION = YES;
				CLANG_WARN_INFINITE_RECURSION = YES;
				CLANG_WARN_INT_CONVERSION = YES;
				CLANG_WARN_NON_LITERAL_NULL_CONVERSION = YES;
				CLANG_WARN_OBJC_IMPLICIT_RETAIN_SELF = YES;
				CLANG_WARN_OBJC_LITERAL_CONVERSION = YES;
				CLANG_WARN_OBJC_ROOT_CLASS = YES_ERROR;
				CLANG_WARN_QUOTED_INCLUDE_IN_FRAMEWORK_HEADER = YES;
				CLANG_WARN_RANGE_LOOP_ANALYSIS = YES;
				CLANG_WARN_STRICT_PROTOTYPES = YES;
				CLANG_WARN_SUSPICIOUS_MOVE = YES;
				CLANG_WARN_UNGUARDED_AVAILABILITY = YES_AGGRESSIVE;
				CLANG_WARN_UNREACHABLE_CODE = YES;
				CLANG_WARN__DUPLICATE_METHOD_MATCH = YES;
				COPY_PHASE_STRIP = NO;
				DEBUG_INFORMATION_FORMAT = "dwarf-with-dsym";
				ENABLE_NS_ASSERTIONS = NO;
				ENABLE_STRICT_OBJC_MSGSEND = YES;
				GCC_C_LANGUAGE_STANDARD = gnu11;
				GCC_NO_COMMON_BLOCKS = YES;
				GCC_WARN_64_TO_32_BIT_CONVERSION = YES;
				GCC_WARN_ABOUT_RETURN_TYPE = YES_ERROR;
				GCC_WARN_UNDECLARED_SELECTOR = YES;
				GCC_WARN_UNINITIALIZED_AUTOS = YES_AGGRESSIVE;
				GCC_WARN_UNUSED_FUNCTION = YES;
				GCC_WARN_UNUSED_VARIABLE = YES;
				MACOSX_DEPLOYMENT_TARGET = 26.0;
				MTL_ENABLE_DEBUG_INFO = NO;
				MTL_FAST_MATH = YES;
				PRODUCT_NAME = "$(TARGET_NAME)";
				SDKROOT = macosx;
				SWIFT_COMPILATION_MODE = wholemodule;
				SWIFT_OPTIMIZATION_LEVEL = "-O";
				SWIFT_VERSION = 5.0;
			};
			name = Release;
		};
		D4ECEB9B4F57F3FCCBF24263 /* Debug */ = {
			isa = XCBuildConfiguration;
			buildSettings = {
				ALWAYS_SEARCH_USER_PATHS = NO;
				CLANG_ANALYZER_NONNULL = YES;
				CLANG_ANALYZER_NUMBER_OBJECT_CONVERSION = YES_AGGRESSIVE;
				CLANG_CXX_LANGUAGE_STANDARD = "gnu++14";
				CLANG_CXX_LIBRARY = "libc++";
				CLANG_ENABLE_MODULES = YES;
				CLANG_ENABLE_OBJC_ARC = YES;
				CLANG_ENABLE_OBJC_WEAK = YES;
				CLANG_WARN_BLOCK_CAPTURE_AUTORELEASING = YES;
				CLANG_WARN_BOOL_CONVERSION = YES;
				CLANG_WARN_COMMA = YES;
				CLANG_WARN_CONSTANT_CONVERSION = YES;
				CLANG_WARN_DEPRECATED_OBJC_IMPLEMENTATIONS = YES;
				CLANG_WARN_DIRECT_OBJC_ISA_USAGE = YES_ERROR;
				CLANG_WARN_DOCUMENTATION_COMMENTS = YES;
				CLANG_WARN_EMPTY_BODY = YES;
				CLANG_WARN_ENUM_CONVERSION = YES;
				CLANG_WARN_INFINITE_RECURSION = YES;
				CLANG_WARN_INT_CONVERSION = YES;
				CLANG_WARN_NON_LITERAL_NULL_CONVERSION = YES;
				CLANG_WARN_OBJC_IMPLICIT_RETAIN_SELF = YES;
				CLANG_WARN_OBJC_LITERAL_CONVERSION = YES;
				CLANG_WARN_OBJC_ROOT_CLASS = YES_ERROR;
				CLANG_WARN_QUOTED_INCLUDE_IN_FRAMEWORK_HEADER = YES;
				CLANG_WARN_RANGE_LOOP_ANALYSIS = YES;
				CLANG_WARN_STRICT_PROTOTYPES = YES;
				CLANG_WARN_SUSPICIOUS_MOVE = YES;
				CLANG_WARN_UNGUARDED_AVAILABILITY = YES_AGGRESSIVE;
				CLANG_WARN_UNREACHABLE_CODE = YES;
				CLANG_WARN__DUPLICATE_METHOD_MATCH = YES;
				COPY_PHASE_STRIP = NO;
				DEBUG_INFORMATION_FORMAT = dwarf;
				ENABLE_STRICT_OBJC_MSGSEND = YES;
				ENABLE_TESTABILITY = YES;
				GCC_C_LANGUAGE_STANDARD = gnu11;
				GCC_DYNAMIC_NO_PIC = NO;
				GCC_NO_COMMON_BLOCKS = YES;
				GCC_OPTIMIZATION_LEVEL = 0;
				GCC_PREPROCESSOR_DEFINITIONS = (
					"$(inherited)",
					"DEBUG=1",
				);
				GCC_WARN_64_TO_32_BIT_CONVERSION = YES;
				GCC_WARN_ABOUT_RETURN_TYPE = YES_ERROR;
				GCC_WARN_UNDECLARED_SELECTOR = YES;
				GCC_WARN_UNINITIALIZED_AUTOS = YES_AGGRESSIVE;
				GCC_WARN_UNUSED_FUNCTION = YES;
				GCC_WARN_UNUSED_VARIABLE = YES;
				MACOSX_DEPLOYMENT_TARGET = 26.0;
				MTL_ENABLE_DEBUG_INFO = INCLUDE_SOURCE;
				MTL_FAST_MATH = YES;
				ONLY_ACTIVE_ARCH = YES;
				PRODUCT_NAME = "$(TARGET_NAME)";
				SDKROOT = macosx;
				SWIFT_ACTIVE_COMPILATION_CONDITIONS = DEBUG;
				SWIFT_OPTIMIZATION_LEVEL = "-Onone";
				SWIFT_VERSION = 5.0;
			};
			name = Debug;
		};
/* End XCBuildConfiguration section */

/* Begin XCConfigurationList section */
		4DD7809E303D43CA00C5B74D /* Build configuration list for PBXNativeTarget "OpenFlowVoiceHelper" */ = {
			isa = XCConfigurationList;
			buildConfigurations = (
				4DD7809F303D43CA00C5B74D /* Debug */,
				4DD780A0303D43CA00C5B74D /* Release */,
			);
			defaultConfigurationIsVisible = 0;
			defaultConfigurationName = Debug;
		};
		A822E618F020961BF87B0DE9 /* Build configuration list for PBXNativeTarget "OpenFlowVoice" */ = {
			isa = XCConfigurationList;
			buildConfigurations = (
				36DACDF7207D6F78E8967708 /* Debug */,
				0FFC3FE5EADB61D550390C92 /* Release */,
			);
			defaultConfigurationIsVisible = 0;
			defaultConfigurationName = Debug;
		};
		F50C629A55086FBBB3A017B7 /* Build configuration list for PBXProject "OpenFlowVoice" */ = {
			isa = XCConfigurationList;
			buildConfigurations = (
				D4ECEB9B4F57F3FCCBF24263 /* Debug */,
				7343F776BC453D9E3B4F73AD /* Release */,
			);
			defaultConfigurationIsVisible = 0;
			defaultConfigurationName = Debug;
		};
/* End XCConfigurationList section */

/* Begin XCRemoteSwiftPackageReference section */
		4DD7810C3043E14600C5B74D /* XCRemoteSwiftPackageReference "Sparkle" */ = {
			isa = XCRemoteSwiftPackageReference;
			repositoryURL = "https://github.com/sparkle-project/Sparkle";
			requirement = {
				kind = upToNextMajorVersion;
				minimumVersion = 2.9.6;
			};
		};
		9F53DA1168DC284F98FF4BE3 /* XCRemoteSwiftPackageReference "FluidAudio" */ = {
			isa = XCRemoteSwiftPackageReference;
			repositoryURL = "https://github.com/FluidInference/FluidAudio.git";
			requirement = {
				kind = revision;
				revision = 6428e29186573c6d33c598e25d460e6690bc0ee1;
			};
		};
/* End XCRemoteSwiftPackageReference section */

/* Begin XCSwiftPackageProductDependency section */
		4DD7810D3043E14600C5B74D /* Sparkle */ = {
			isa = XCSwiftPackageProductDependency;
			package = 4DD7810C3043E14600C5B74D /* XCRemoteSwiftPackageReference "Sparkle" */;
			productName = Sparkle;
		};
		6BFD874B507A0F1365B739E8 /* FluidAudio */ = {
			isa = XCSwiftPackageProductDependency;
			package = 9F53DA1168DC284F98FF4BE3 /* XCRemoteSwiftPackageReference "FluidAudio" */;
			productName = FluidAudio;
		};
/* End XCSwiftPackageProductDependency section */
	};
	rootObject = 99ACADB4C81E1F4076FE533E /* Project object */;
}
